
Microsoft Visual Studio Solution File, Format Version 12.00
# Visual Studio Version 16
VisualStudioVersion = 16.0.31515.178
MinimumVisualStudioVersion = 10.0.40219.1
Project("{FAE04EC0-301F-11D3-BF4B-00C04F79EFBC}") = "WiFiUserManagmentSystem", "WiFiUserManagmentSystem\WiFiUserManagmentSystem.csproj", "{92CC4CFC-9775-4FFB-95B8-44774A913CFE}"
EndProject
Project("{54435603-DBB4-11D2-8724-00A0C9A8B90C}") = "Wifi_User_Manage_Setup", "SystemSetup\SystemSetup.vdproj", "{981F1A3D-8A52-4154-8BA3-DD2A9B2E2726}"
EndProject
Global
	GlobalSection(SolutionConfigurationPlatforms) = preSolution
		Debug|Any CPU = Debug|Any CPU
		Release|Any CPU = Release|Any CPU
	EndGlobalSection
	GlobalSection(ProjectConfigurationPlatforms) = postSolution
		{92CC4CFC-9775-4FFB-95B8-44774A913CFE}.Debug|Any CPU.ActiveCfg = Debug|Any CPU
		{92CC4CFC-9775-4FFB-95B8-44774A913CFE}.Debug|Any CPU.Build.0 = Debug|Any CPU
		{92CC4CFC-9775-4FFB-95B8-44774A913CFE}.Release|Any CPU.ActiveCfg = Release|Any CPU
		{92CC4CFC-9775-4FFB-95B8-44774A913CFE}.Release|Any CPU.Build.0 = Release|Any CPU
		{981F1A3D-8A52-4154-8BA3-DD2A9B2E2726}.Debug|Any CPU.ActiveCfg = Debug
		{981F1A3D-8A52-4154-8BA3-DD2A9B2E2726}.Release|Any CPU.ActiveCfg = Release
	EndGlobalSection
	GlobalSection(SolutionProperties) = preSolution
		HideSolutionNode = FALSE
	EndGlobalSection
	GlobalSection(ExtensibilityGlobals) = postSolution
		SolutionGuid = {BDAAC752-76DE-498F-AE4D-338D555A77DB}
	EndGlobalSection
EndGlobal
