
Microsoft Visual Studio Solution File, Format Version 12.00
# Visual Studio Version 16
VisualStudioVersion = 16.0.31019.35
MinimumVisualStudioVersion = 10.0.40219.1
Project("{FAE04EC0-301F-11D3-BF4B-00C04F79EFBC}") = "Library Managment System", "Library Managment System\Library Managment System.csproj", "{40F7605B-1BAE-4A8C-9088-9E5B439ED246}"
EndProject
Project("{54435603-DBB4-11D2-8724-00A0C9A8B90C}") = "LibrarySystemSetup1", "LibrarySystemSetup1\LibrarySystemSetup1.vdproj", "{FA1FD931-940B-4D70-80C5-F84599DA4647}"
EndProject
Global
	GlobalSection(SolutionConfigurationPlatforms) = preSolution
		Debug|Any CPU = Debug|Any CPU
		Release|Any CPU = Release|Any CPU
	EndGlobalSection
	GlobalSection(ProjectConfigurationPlatforms) = postSolution
		{40F7605B-1BAE-4A8C-9088-9E5B439ED246}.Debug|Any CPU.ActiveCfg = Debug|Any CPU
		{40F7605B-1BAE-4A8C-9088-9E5B439ED246}.Debug|Any CPU.Build.0 = Debug|Any CPU
		{40F7605B-1BAE-4A8C-9088-9E5B439ED246}.Release|Any CPU.ActiveCfg = Release|Any CPU
		{40F7605B-1BAE-4A8C-9088-9E5B439ED246}.Release|Any CPU.Build.0 = Release|Any CPU
		{FA1FD931-940B-4D70-80C5-F84599DA4647}.Debug|Any CPU.ActiveCfg = Debug
		{FA1FD931-940B-4D70-80C5-F84599DA4647}.Release|Any CPU.ActiveCfg = Release
	EndGlobalSection
	GlobalSection(SolutionProperties) = preSolution
		HideSolutionNode = FALSE
	EndGlobalSection
	GlobalSection(ExtensibilityGlobals) = postSolution
		SolutionGuid = {16AC3814-A919-44CE-85BA-27C4B4678939}
	EndGlobalSection
EndGlobal
